
Microsoft Visual Studio Solution File, Format Version 12.00
# Visual Studio Version 16
VisualStudioVersion = 16.0.31727.386
MinimumVisualStudioVersion = 10.0.40219.1
Project("{FAE04EC0-301F-11D3-BF4B-00C04F79EFBC}") = "02. Database First", "02. Database First\02. Database First.csproj", "{DF4B6B9F-578C-4630-8571-7197A1BD6646}"
EndProject
Project("{FAE04EC0-301F-11D3-BF4B-00C04F79EFBC}") = "03. Employees Full Info", "03. Employees Full Info\03. Employees Full Info.csproj", "{40EFCC2F-415F-479C-833D-80C491B5CDA5}"
EndProject
Project("{FAE04EC0-301F-11D3-BF4B-00C04F79EFBC}") = "01. Import SoftUni Data", "01. Import SoftUni Data\01. Import SoftUni Data.csproj", "{1D58E15A-58A5-4E8E-BD69-CA1DA2F1BE5E}"
EndProject
Global
	GlobalSection(SolutionConfigurationPlatforms) = preSolution
		Debug|Any CPU = Debug|Any CPU
		Release|Any CPU = Release|Any CPU
	EndGlobalSection
	GlobalSection(ProjectConfigurationPlatforms) = postSolution
		{DF4B6B9F-578C-4630-8571-7197A1BD6646}.Debug|Any CPU.ActiveCfg = Debug|Any CPU
		{DF4B6B9F-578C-4630-8571-7197A1BD6646}.Debug|Any CPU.Build.0 = Debug|Any CPU
		{DF4B6B9F-578C-4630-8571-7197A1BD6646}.Release|Any CPU.ActiveCfg = Release|Any CPU
		{DF4B6B9F-578C-4630-8571-7197A1BD6646}.Release|Any CPU.Build.0 = Release|Any CPU
		{40EFCC2F-415F-479C-833D-80C491B5CDA5}.Debug|Any CPU.ActiveCfg = Debug|Any CPU
		{40EFCC2F-415F-479C-833D-80C491B5CDA5}.Debug|Any CPU.Build.0 = Debug|Any CPU
		{40EFCC2F-415F-479C-833D-80C491B5CDA5}.Release|Any CPU.ActiveCfg = Release|Any CPU
		{40EFCC2F-415F-479C-833D-80C491B5CDA5}.Release|Any CPU.Build.0 = Release|Any CPU
		{1D58E15A-58A5-4E8E-BD69-CA1DA2F1BE5E}.Debug|Any CPU.ActiveCfg = Debug|Any CPU
		{1D58E15A-58A5-4E8E-BD69-CA1DA2F1BE5E}.Debug|Any CPU.Build.0 = Debug|Any CPU
		{1D58E15A-58A5-4E8E-BD69-CA1DA2F1BE5E}.Release|Any CPU.ActiveCfg = Release|Any CPU
		{1D58E15A-58A5-4E8E-BD69-CA1DA2F1BE5E}.Release|Any CPU.Build.0 = Release|Any CPU
	EndGlobalSection
	GlobalSection(SolutionProperties) = preSolution
		HideSolutionNode = FALSE
	EndGlobalSection
	GlobalSection(ExtensibilityGlobals) = postSolution
		SolutionGuid = {0D036F65-C317-4290-B1BF-C9959DA754B7}
	EndGlobalSection
EndGlobal
